
Microsoft Visual Studio Solution File, Format Version 12.00
Project("{FAE04EC0-301F-11D3-BF4B-00C04F79EFBC}") = "WebAPI", "WebAPI\WebAPI.csproj", "{CE473150-82CE-4555-BD44-6427F14A63AA}"
EndProject
Project("{FAE04EC0-301F-11D3-BF4B-00C04F79EFBC}") = "Domain", "Domain\Domain.csproj", "{D04DC96E-670E-4C1D-805E-E4BD468BBA87}"
EndProject
Project("{FAE04EC0-301F-11D3-BF4B-00C04F79EFBC}") = "Infrastructure", "Infrastructure\Infrastructure.csproj", "{2F1B4DA8-1D2A-4466-BEAD-221AE6C95076}"
EndProject
Global
	GlobalSection(SolutionConfigurationPlatforms) = preSolution
		Debug|Any CPU = Debug|Any CPU
		Release|Any CPU = Release|Any CPU
	EndGlobalSection
	GlobalSection(ProjectConfigurationPlatforms) = postSolution
		{CE473150-82CE-4555-BD44-6427F14A63AA}.Debug|Any CPU.ActiveCfg = Debug|Any CPU
		{CE473150-82CE-4555-BD44-6427F14A63AA}.Debug|Any CPU.Build.0 = Debug|Any CPU
		{CE473150-82CE-4555-BD44-6427F14A63AA}.Release|Any CPU.ActiveCfg = Release|Any CPU
		{CE473150-82CE-4555-BD44-6427F14A63AA}.Release|Any CPU.Build.0 = Release|Any CPU
		{D04DC96E-670E-4C1D-805E-E4BD468BBA87}.Debug|Any CPU.ActiveCfg = Debug|Any CPU
		{D04DC96E-670E-4C1D-805E-E4BD468BBA87}.Debug|Any CPU.Build.0 = Debug|Any CPU
		{D04DC96E-670E-4C1D-805E-E4BD468BBA87}.Release|Any CPU.ActiveCfg = Release|Any CPU
		{D04DC96E-670E-4C1D-805E-E4BD468BBA87}.Release|Any CPU.Build.0 = Release|Any CPU
		{2F1B4DA8-1D2A-4466-BEAD-221AE6C95076}.Debug|Any CPU.ActiveCfg = Debug|Any CPU
		{2F1B4DA8-1D2A-4466-BEAD-221AE6C95076}.Debug|Any CPU.Build.0 = Debug|Any CPU
		{2F1B4DA8-1D2A-4466-BEAD-221AE6C95076}.Release|Any CPU.ActiveCfg = Release|Any CPU
		{2F1B4DA8-1D2A-4466-BEAD-221AE6C95076}.Release|Any CPU.Build.0 = Release|Any CPU
	EndGlobalSection
EndGlobal
